// !$*UTF8*$!
{
	archiveVersion = 1;
	classes = {
	};
	objectVersion = 55;
	objects = {

/* Begin PBXBuildFile section */
		0778543E28B8A0B1005FF662 /* CharactersResponse.swift in Sources */ = {isa = PBXBuildFile; fileRef = 0778543D28B8A0B1005FF662 /* CharactersResponse.swift */; };
		0778544028B8A108005FF662 /* MarvelCharacter.swift in Sources */ = {isa = PBXBuildFile; fileRef = 0778543F28B8A108005FF662 /* MarvelCharacter.swift */; };
		0778544228B8ABA9005FF662 /* URLSResponse.swift in Sources */ = {isa = PBXBuildFile; fileRef = 0778544128B8ABA9005FF662 /* URLSResponse.swift */; };
		0778544428B8AF75005FF662 /* CharacterTableViewCell.swift in Sources */ = {isa = PBXBuildFile; fileRef = 0778544328B8AF75005FF662 /* CharacterTableViewCell.swift */; };
		0778544628B8C305005FF662 /* ComicsModel.swift in Sources */ = {isa = PBXBuildFile; fileRef = 0778544528B8C305005FF662 /* ComicsModel.swift */; };
		0778544828B8CDF5005FF662 /* ComicsResponse.swift in Sources */ = {isa = PBXBuildFile; fileRef = 0778544728B8CDF5005FF662 /* ComicsResponse.swift */; };
		0778544A28B8CE58005FF662 /* Comic.swift in Sources */ = {isa = PBXBuildFile; fileRef = 0778544928B8CE58005FF662 /* Comic.swift */; };
		0778544C28B8D1F6005FF662 /* ComicTableViewCell.swift in Sources */ = {isa = PBXBuildFile; fileRef = 0778544B28B8D1F6005FF662 /* ComicTableViewCell.swift */; };
		0778544F28B8D710005FF662 /* WebViewViewController.swift in Sources */ = {isa = PBXBuildFile; fileRef = 0778544E28B8D710005FF662 /* WebViewViewController.swift */; };
		0778545128B8E34B005FF662 /* Cache.swift in Sources */ = {isa = PBXBuildFile; fileRef = 0778545028B8E34B005FF662 /* Cache.swift */; };
		07D6211528B4CDD700A34B61 /* Constants.swift in Sources */ = {isa = PBXBuildFile; fileRef = 07D6211428B4CDD700A34B61 /* Constants.swift */; };
		07D6211728B4CDF000A34B61 /* Helpers.swift in Sources */ = {isa = PBXBuildFile; fileRef = 07D6211628B4CDF000A34B61 /* Helpers.swift */; };
		07D6211928B4D26C00A34B61 /* CharactersModel.swift in Sources */ = {isa = PBXBuildFile; fileRef = 07D6211828B4D26C00A34B61 /* CharactersModel.swift */; };
		07DBE34328B3D63A00E7F760 /* AppDelegate.swift in Sources */ = {isa = PBXBuildFile; fileRef = 07DBE34228B3D63A00E7F760 /* AppDelegate.swift */; };
		07DBE34528B3D63A00E7F760 /* SceneDelegate.swift in Sources */ = {isa = PBXBuildFile; fileRef = 07DBE34428B3D63A00E7F760 /* SceneDelegate.swift */; };
		07DBE34A28B3D63A00E7F760 /* Main.storyboard in Resources */ = {isa = PBXBuildFile; fileRef = 07DBE34828B3D63A00E7F760 /* Main.storyboard */; };
		07DBE34C28B3D63D00E7F760 /* Assets.xcassets in Resources */ = {isa = PBXBuildFile; fileRef = 07DBE34B28B3D63D00E7F760 /* Assets.xcassets */; };
		07DBE34F28B3D63D00E7F760 /* LaunchScreen.storyboard in Resources */ = {isa = PBXBuildFile; fileRef = 07DBE34D28B3D63D00E7F760 /* LaunchScreen.storyboard */; };
		07DBE35728B3EDAC00E7F760 /* CharactersTableViewController.swift in Sources */ = {isa = PBXBuildFile; fileRef = 07DBE35628B3EDAC00E7F760 /* CharactersTableViewController.swift */; };
		07DBE35A28B3F43F00E7F760 /* ComicsViewController.swift in Sources */ = {isa = PBXBuildFile; fileRef = 07DBE35928B3F43F00E7F760 /* ComicsViewController.swift */; };
/* End PBXBuildFile section */

/* Begin PBXFileReference section */
		0778543D28B8A0B1005FF662 /* CharactersResponse.swift */ = {isa = PBXFileReference; lastKnownFileType = sourcecode.swift; path = CharactersResponse.swift; sourceTree = "<group>"; };
		0778543F28B8A108005FF662 /* MarvelCharacter.swift */ = {isa = PBXFileReference; lastKnownFileType = sourcecode.swift; path = MarvelCharacter.swift; sourceTree = "<group>"; };
		0778544128B8ABA9005FF662 /* URLSResponse.swift */ = {isa = PBXFileReference; lastKnownFileType = sourcecode.swift; path = URLSResponse.swift; sourceTree = "<group>"; };
		0778544328B8AF75005FF662 /* CharacterTableViewCell.swift */ = {isa = PBXFileReference; lastKnownFileType = sourcecode.swift; path = CharacterTableViewCell.swift; sourceTree = "<group>"; };
		0778544528B8C305005FF662 /* ComicsModel.swift */ = {isa = PBXFileReference; lastKnownFileType = sourcecode.swift; path = ComicsModel.swift; sourceTree = "<group>"; };
		0778544728B8CDF5005FF662 /* ComicsResponse.swift */ = {isa = PBXFileReference; lastKnownFileType = sourcecode.swift; path = ComicsResponse.swift; sourceTree = "<group>"; };
		0778544928B8CE58005FF662 /* Comic.swift */ = {isa = PBXFileReference; lastKnownFileType = sourcecode.swift; path = Comic.swift; sourceTree = "<group>"; };
		0778544B28B8D1F6005FF662 /* ComicTableViewCell.swift */ = {isa = PBXFileReference; lastKnownFileType = sourcecode.swift; path = ComicTableViewCell.swift; sourceTree = "<group>"; };
		0778544E28B8D710005FF662 /* WebViewViewController.swift */ = {isa = PBXFileReference; lastKnownFileType = sourcecode.swift; path = WebViewViewController.swift; sourceTree = "<group>"; };
		0778545028B8E34B005FF662 /* Cache.swift */ = {isa = PBXFileReference; lastKnownFileType = sourcecode.swift; path = Cache.swift; sourceTree = "<group>"; };
		07D6211428B4CDD700A34B61 /* Constants.swift */ = {isa = PBXFileReference; lastKnownFileType = sourcecode.swift; path = Constants.swift; sourceTree = "<group>"; };
		07D6211628B4CDF000A34B61 /* Helpers.swift */ = {isa = PBXFileReference; lastKnownFileType = sourcecode.swift; path = Helpers.swift; sourceTree = "<group>"; };
		07D6211828B4D26C00A34B61 /* CharactersModel.swift */ = {isa = PBXFileReference; lastKnownFileType = sourcecode.swift; path = CharactersModel.swift; sourceTree = "<group>"; };
		07DBE33F28B3D63A00E7F760 /* PhazeRo-Marvel.app */ = {isa = PBXFileReference; explicitFileType = wrapper.application; includeInIndex = 0; path = "PhazeRo-Marvel.app"; sourceTree = BUILT_PRODUCTS_DIR; };
		07DBE34228B3D63A00E7F760 /* AppDelegate.swift */ = {isa = PBXFileReference; lastKnownFileType = sourcecode.swift; path = AppDelegate.swift; sourceTree = "<group>"; };
		07DBE34428B3D63A00E7F760 /* SceneDelegate.swift */ = {isa = PBXFileReference; lastKnownFileType = sourcecode.swift; path = SceneDelegate.swift; sourceTree = "<group>"; };
		07DBE34928B3D63A00E7F760 /* Base */ = {isa = PBXFileReference; lastKnownFileType = file.storyboard; name = Base; path = Base.lproj/Main.storyboard; sourceTree = "<group>"; };
		07DBE34B28B3D63D00E7F760 /* Assets.xcassets */ = {isa = PBXFileReference; lastKnownFileType = folder.assetcatalog; path = Assets.xcassets; sourceTree = "<group>"; };
		07DBE34E28B3D63D00E7F760 /* Base */ = {isa = PBXFileReference; lastKnownFileType = file.storyboard; name = Base; path = Base.lproj/LaunchScreen.storyboard; sourceTree = "<group>"; };
		07DBE35028B3D63D00E7F760 /* Info.plist */ = {isa = PBXFileReference; lastKnownFileType = text.plist.xml; path = Info.plist; sourceTree = "<group>"; };
		07DBE35628B3EDAC00E7F760 /* CharactersTableViewController.swift */ = {isa = PBXFileReference; lastKnownFileType = sourcecode.swift; path = CharactersTableViewController.swift; sourceTree = "<group>"; };
		07DBE35928B3F43F00E7F760 /* ComicsViewController.swift */ = {isa = PBXFileReference; lastKnownFileType = sourcecode.swift; path = ComicsViewController.swift; sourceTree = "<group>"; };
/* End PBXFileReference section */

/* Begin PBXFrameworksBuildPhase section */
		07DBE33C28B3D63A00E7F760 /* Frameworks */ = {
			isa = PBXFrameworksBuildPhase;
			buildActionMask = 2147483647;
			files = (
			);
			runOnlyForDeploymentPostprocessing = 0;
		};
/* End PBXFrameworksBuildPhase section */

/* Begin PBXGroup section */
		0778543B28B89F76005FF662 /* Characters */ = {
			isa = PBXGroup;
			children = (
				07DBE35628B3EDAC00E7F760 /* CharactersTableViewController.swift */,
				07D6211828B4D26C00A34B61 /* CharactersModel.swift */,
				0778543D28B8A0B1005FF662 /* CharactersResponse.swift */,
				0778543F28B8A108005FF662 /* MarvelCharacter.swift */,
				0778544328B8AF75005FF662 /* CharacterTableViewCell.swift */,
			);
			path = Characters;
			sourceTree = "<group>";
		};
		0778543C28B89F85005FF662 /* Comics */ = {
			isa = PBXGroup;
			children = (
				07DBE35928B3F43F00E7F760 /* ComicsViewController.swift */,
				0778544528B8C305005FF662 /* ComicsModel.swift */,
				0778544728B8CDF5005FF662 /* ComicsResponse.swift */,
				0778544928B8CE58005FF662 /* Comic.swift */,
				0778544B28B8D1F6005FF662 /* ComicTableViewCell.swift */,
			);
			path = Comics;
			sourceTree = "<group>";
		};
		07D6210F28B4CD9D00A34B61 /* Commons */ = {
			isa = PBXGroup;
			children = (
				0778544E28B8D710005FF662 /* WebViewViewController.swift */,
				07D6211428B4CDD700A34B61 /* Constants.swift */,
				07D6211628B4CDF000A34B61 /* Helpers.swift */,
				0778544128B8ABA9005FF662 /* URLSResponse.swift */,
				0778545028B8E34B005FF662 /* Cache.swift */,
			);
			path = Commons;
			sourceTree = "<group>";
		};
		07DBE33628B3D63900E7F760 = {
			isa = PBXGroup;
			children = (
				07DBE34128B3D63A00E7F760 /* PhazeRo-Marvel */,
				07DBE34028B3D63A00E7F760 /* Products */,
			);
			sourceTree = "<group>";
		};
		07DBE34028B3D63A00E7F760 /* Products */ = {
			isa = PBXGroup;
			children = (
				07DBE33F28B3D63A00E7F760 /* PhazeRo-Marvel.app */,
			);
			name = Products;
			sourceTree = "<group>";
		};
		07DBE34128B3D63A00E7F760 /* PhazeRo-Marvel */ = {
			isa = PBXGroup;
			children = (
				0778543C28B89F85005FF662 /* Comics */,
				0778543B28B89F76005FF662 /* Characters */,
				07D6210F28B4CD9D00A34B61 /* Commons */,
				07DBE34228B3D63A00E7F760 /* AppDelegate.swift */,
				07DBE34428B3D63A00E7F760 /* SceneDelegate.swift */,
				07DBE34828B3D63A00E7F760 /* Main.storyboard */,
				07DBE34B28B3D63D00E7F760 /* Assets.xcassets */,
				07DBE34D28B3D63D00E7F760 /* LaunchScreen.storyboard */,
				07DBE35028B3D63D00E7F760 /* Info.plist */,
			);
			path = "PhazeRo-Marvel";
			sourceTree = "<group>";
		};
/* End PBXGroup section */

/* Begin PBXNativeTarget section */
		07DBE33E28B3D63A00E7F760 /* PhazeRo-Marvel */ = {
			isa = PBXNativeTarget;
			buildConfigurationList = 07DBE35328B3D63D00E7F760 /* Build configuration list for PBXNativeTarget "PhazeRo-Marvel" */;
			buildPhases = (
				07DBE33B28B3D63A00E7F760 /* Sources */,
				07DBE33C28B3D63A00E7F760 /* Frameworks */,
				07DBE33D28B3D63A00E7F760 /* Resources */,
			);
			buildRules = (
			);
			dependencies = (
			);
			name = "PhazeRo-Marvel";
			productName = "PhazeRo-Marvel";
			productReference = 07DBE33F28B3D63A00E7F760 /* PhazeRo-Marvel.app */;
			productType = "com.apple.product-type.application";
		};
/* End PBXNativeTarget section */

/* Begin PBXProject section */
		07DBE33728B3D63900E7F760 /* Project object */ = {
			isa = PBXProject;
			attributes = {
				BuildIndependentTargetsInParallel = 1;
				LastSwiftUpdateCheck = 1340;
				LastUpgradeCheck = 1340;
				TargetAttributes = {
					07DBE33E28B3D63A00E7F760 = {
						CreatedOnToolsVersion = 13.4.1;
					};
				};
			};
			buildConfigurationList = 07DBE33A28B3D63900E7F760 /* Build configuration list for PBXProject "PhazeRo-Marvel" */;
			compatibilityVersion = "Xcode 13.0";
			developmentRegion = en;
			hasScannedForEncodings = 0;
			knownRegions = (
				en,
				Base,
			);
			mainGroup = 07DBE33628B3D63900E7F760;
			productRefGroup = 07DBE34028B3D63A00E7F760 /* Products */;
			projectDirPath = "";
			projectRoot = "";
			targets = (
				07DBE33E28B3D63A00E7F760 /* PhazeRo-Marvel */,
			);
		};
/* End PBXProject section */

/* Begin PBXResourcesBuildPhase section */
		07DBE33D28B3D63A00E7F760 /* Resources */ = {
			isa = PBXResourcesBuildPhase;
			buildActionMask = 2147483647;
			files = (
				07DBE34F28B3D63D00E7F760 /* LaunchScreen.storyboard in Resources */,
				07DBE34C28B3D63D00E7F760 /* Assets.xcassets in Resources */,
				07DBE34A28B3D63A00E7F760 /* Main.storyboard in Resources */,
			);
			runOnlyForDeploymentPostprocessing = 0;
		};
/* End PBXResourcesBuildPhase section */

/* Begin PBXSourcesBuildPhase section */
		07DBE33B28B3D63A00E7F760 /* Sources */ = {
			isa = PBXSourcesBuildPhase;
			buildActionMask = 2147483647;
			files = (
				0778544228B8ABA9005FF662 /* URLSResponse.swift in Sources */,
				07DBE35A28B3F43F00E7F760 /* ComicsViewController.swift in Sources */,
				07D6211728B4CDF000A34B61 /* Helpers.swift in Sources */,
				0778544628B8C305005FF662 /* ComicsModel.swift in Sources */,
				0778545128B8E34B005FF662 /* Cache.swift in Sources */,
				0778544028B8A108005FF662 /* MarvelCharacter.swift in Sources */,
				0778543E28B8A0B1005FF662 /* CharactersResponse.swift in Sources */,
				0778544428B8AF75005FF662 /* CharacterTableViewCell.swift in Sources */,
				0778544828B8CDF5005FF662 /* ComicsResponse.swift in Sources */,
				07D6211928B4D26C00A34B61 /* CharactersModel.swift in Sources */,
				0778544A28B8CE58005FF662 /* Comic.swift in Sources */,
				07DBE34328B3D63A00E7F760 /* AppDelegate.swift in Sources */,
				07DBE34528B3D63A00E7F760 /* SceneDelegate.swift in Sources */,
				07D6211528B4CDD700A34B61 /* Constants.swift in Sources */,
				0778544C28B8D1F6005FF662 /* ComicTableViewCell.swift in Sources */,
				0778544F28B8D710005FF662 /* WebViewViewController.swift in Sources */,
				07DBE35728B3EDAC00E7F760 /* CharactersTableViewController.swift in Sources */,
			);
			runOnlyForDeploymentPostprocessing = 0;
		};
/* End PBXSourcesBuildPhase section */

/* Begin PBXVariantGroup section */
		07DBE34828B3D63A00E7F760 /* Main.storyboard */ = {
			isa = PBXVariantGroup;
			children = (
				07DBE34928B3D63A00E7F760 /* Base */,
			);
			name = Main.storyboard;
			sourceTree = "<group>";
		};
		07DBE34D28B3D63D00E7F760 /* LaunchScreen.storyboard */ = {
			isa = PBXVariantGroup;
			children = (
				07DBE34E28B3D63D00E7F760 /* Base */,
			);
			name = LaunchScreen.storyboard;
			sourceTree = "<group>";
		};
/* End PBXVariantGroup section */

/* Begin XCBuildConfiguration section */
		07DBE35128B3D63D00E7F760 /* Debug */ = {
			isa = XCBuildConfiguration;
			buildSettings = {
				ALWAYS_SEARCH_USER_PATHS = NO;
				CLANG_ANALYZER_NONNULL = YES;
				CLANG_ANALYZER_NUMBER_OBJECT_CONVERSION = YES_AGGRESSIVE;
				CLANG_CXX_LANGUAGE_STANDARD = "gnu++17";
				CLANG_ENABLE_MODULES = YES;
				CLANG_ENABLE_OBJC_ARC = YES;
				CLANG_ENABLE_OBJC_WEAK = YES;
				CLANG_WARN_BLOCK_CAPTURE_AUTORELEASING = YES;
				CLANG_WARN_BOOL_CONVERSION = YES;
				CLANG_WARN_COMMA = YES;
				CLANG_WARN_CONSTANT_CONVERSION = YES;
				CLANG_WARN_DEPRECATED_OBJC_IMPLEMENTATIONS = YES;
				CLANG_WARN_DIRECT_OBJC_ISA_USAGE = YES_ERROR;
				CLANG_WARN_DOCUMENTATION_COMMENTS = YES;
				CLANG_WARN_EMPTY_BODY = YES;
				CLANG_WARN_ENUM_CONVERSION = YES;
				CLANG_WARN_INFINITE_RECURSION = YES;
				CLANG_WARN_INT_CONVERSION = YES;
				CLANG_WARN_NON_LITERAL_NULL_CONVERSION = YES;
				CLANG_WARN_OBJC_IMPLICIT_RETAIN_SELF = YES;
				CLANG_WARN_OBJC_LITERAL_CONVERSION = YES;
				CLANG_WARN_OBJC_ROOT_CLASS = YES_ERROR;
				CLANG_WARN_QUOTED_INCLUDE_IN_FRAMEWORK_HEADER = YES;
				CLANG_WARN_RANGE_LOOP_ANALYSIS = YES;
				CLANG_WARN_STRICT_PROTOTYPES = YES;
				CLANG_WARN_SUSPICIOUS_MOVE = YES;
				CLANG_WARN_UNGUARDED_AVAILABILITY = YES_AGGRESSIVE;
				CLANG_WARN_UNREACHABLE_CODE = YES;
				CLANG_WARN__DUPLICATE_METHOD_MATCH = YES;
				COPY_PHASE_STRIP = NO;
				DEBUG_INFORMATION_FORMAT = dwarf;
				ENABLE_STRICT_OBJC_MSGSEND = YES;
				ENABLE_TESTABILITY = YES;
				GCC_C_LANGUAGE_STANDARD = gnu11;
				GCC_DYNAMIC_NO_PIC = NO;
				GCC_NO_COMMON_BLOCKS = YES;
				GCC_OPTIMIZATION_LEVEL = 0;
				GCC_PREPROCESSOR_DEFINITIONS = (
					"DEBUG=1",
					"$(inherited)",
				);
				GCC_WARN_64_TO_32_BIT_CONVERSION = YES;
				GCC_WARN_ABOUT_RETURN_TYPE = YES_ERROR;
				GCC_WARN_UNDECLARED_SELECTOR = YES;
				GCC_WARN_UNINITIALIZED_AUTOS = YES_AGGRESSIVE;
				GCC_WARN_UNUSED_FUNCTION = YES;
				GCC_WARN_UNUSED_VARIABLE = YES;
				IPHONEOS_DEPLOYMENT_TARGET = 15.5;
				MTL_ENABLE_DEBUG_INFO = INCLUDE_SOURCE;
				MTL_FAST_MATH = YES;
				ONLY_ACTIVE_ARCH = YES;
				SDKROOT = iphoneos;
				SWIFT_ACTIVE_COMPILATION_CONDITIONS = DEBUG;
				SWIFT_OPTIMIZATION_LEVEL = "-Onone";
			};
			name = Debug;
		};
		07DBE35228B3D63D00E7F760 /* Release */ = {
			isa = XCBuildConfiguration;
			buildSettings = {
				ALWAYS_SEARCH_USER_PATHS = NO;
				CLANG_ANALYZER_NONNULL = YES;
				CLANG_ANALYZER_NUMBER_OBJECT_CONVERSION = YES_AGGRESSIVE;
				CLANG_CXX_LANGUAGE_STANDARD = "gnu++17";
				CLANG_ENABLE_MODULES = YES;
				CLANG_ENABLE_OBJC_ARC = YES;
				CLANG_ENABLE_OBJC_WEAK = YES;
				CLANG_WARN_BLOCK_CAPTURE_AUTORELEASING = YES;
				CLANG_WARN_BOOL_CONVERSION = YES;
				CLANG_WARN_COMMA = YES;
				CLANG_WARN_CONSTANT_CONVERSION = YES;
				CLANG_WARN_DEPRECATED_OBJC_IMPLEMENTATIONS = YES;
				CLANG_WARN_DIRECT_OBJC_ISA_USAGE = YES_ERROR;
				CLANG_WARN_DOCUMENTATION_COMMENTS = YES;
				CLANG_WARN_EMPTY_BODY = YES;
				CLANG_WARN_ENUM_CONVERSION = YES;
				CLANG_WARN_INFINITE_RECURSION = YES;
				CLANG_WARN_INT_CONVERSION = YES;
				CLANG_WARN_NON_LITERAL_NULL_CONVERSION = YES;
				CLANG_WARN_OBJC_IMPLICIT_RETAIN_SELF = YES;
				CLANG_WARN_OBJC_LITERAL_CONVERSION = YES;
				CLANG_WARN_OBJC_ROOT_CLASS = YES_ERROR;
				CLANG_WARN_QUOTED_INCLUDE_IN_FRAMEWORK_HEADER = YES;
				CLANG_WARN_RANGE_LOOP_ANALYSIS = YES;
				CLANG_WARN_STRICT_PROTOTYPES = YES;
				CLANG_WARN_SUSPICIOUS_MOVE = YES;
				CLANG_WARN_UNGUARDED_AVAILABILITY = YES_AGGRESSIVE;
				CLANG_WARN_UNREACHABLE_CODE = YES;
				CLANG_WARN__DUPLICATE_METHOD_MATCH = YES;
				COPY_PHASE_STRIP = NO;
				DEBUG_INFORMATION_FORMAT = "dwarf-with-dsym";
				ENABLE_NS_ASSERTIONS = NO;
				ENABLE_STRICT_OBJC_MSGSEND = YES;
				GCC_C_LANGUAGE_STANDARD = gnu11;
				GCC_NO_COMMON_BLOCKS = YES;
				GCC_WARN_64_TO_32_BIT_CONVERSION = YES;
				GCC_WARN_ABOUT_RETURN_TYPE = YES_ERROR;
				GCC_WARN_UNDECLARED_SELECTOR = YES;
				GCC_WARN_UNINITIALIZED_AUTOS = YES_AGGRESSIVE;
				GCC_WARN_UNUSED_FUNCTION = YES;
				GCC_WARN_UNUSED_VARIABLE = YES;
				IPHONEOS_DEPLOYMENT_TARGET = 15.5;
				MTL_ENABLE_DEBUG_INFO = NO;
				MTL_FAST_MATH = YES;
				SDKROOT = iphoneos;
				SWIFT_COMPILATION_MODE = wholemodule;
				SWIFT_OPTIMIZATION_LEVEL = "-O";
				VALIDATE_PRODUCT = YES;
			};
			name = Release;
		};
		07DBE35428B3D63D00E7F760 /* Debug */ = {
			isa = XCBuildConfiguration;
			buildSettings = {
				ASSETCATALOG_COMPILER_APPICON_NAME = AppIcon;
				ASSETCATALOG_COMPILER_GLOBAL_ACCENT_COLOR_NAME = AccentColor;
				CODE_SIGN_STYLE = Automatic;
				CURRENT_PROJECT_VERSION = 1;
				DEVELOPMENT_TEAM = D2G5ZK629A;
				GENERATE_INFOPLIST_FILE = YES;
				INFOPLIST_FILE = "PhazeRo-Marvel/Info.plist";
				INFOPLIST_KEY_CFBundleDisplayName = MarvelRo;
				INFOPLIST_KEY_UIApplicationSupportsIndirectInputEvents = YES;
				INFOPLIST_KEY_UILaunchStoryboardName = LaunchScreen;
				INFOPLIST_KEY_UIMainStoryboardFile = Main;
				INFOPLIST_KEY_UISupportedInterfaceOrientations = UIInterfaceOrientationPortrait;
				INFOPLIST_KEY_UISupportedInterfaceOrientations_iPad = "UIInterfaceOrientationPortrait UIInterfaceOrientationPortraitUpsideDown UIInterfaceOrientationLandscapeLeft UIInterfaceOrientationLandscapeRight";
				INFOPLIST_KEY_UISupportedInterfaceOrientations_iPhone = "UIInterfaceOrientationPortrait UIInterfaceOrientationLandscapeLeft UIInterfaceOrientationLandscapeRight";
				LD_RUNPATH_SEARCH_PATHS = (
					"$(inherited)",
					"@executable_path/Frameworks",
				);
				MARKETING_VERSION = 1.0;
				PRODUCT_BUNDLE_IDENTIFIER = "OmarAlRaisi.PhazeRo-Marvel";
				PRODUCT_NAME = "$(TARGET_NAME)";
				SWIFT_EMIT_LOC_STRINGS = YES;
				SWIFT_VERSION = 5.0;
				TARGETED_DEVICE_FAMILY = "1,2";
			};
			name = Debug;
		};
		07DBE35528B3D63D00E7F760 /* Release */ = {
			isa = XCBuildConfiguration;
			buildSettings = {
				ASSETCATALOG_COMPILER_APPICON_NAME = AppIcon;
				ASSETCATALOG_COMPILER_GLOBAL_ACCENT_COLOR_NAME = AccentColor;
				CODE_SIGN_STYLE = Automatic;
				CURRENT_PROJECT_VERSION = 1;
				DEVELOPMENT_TEAM = D2G5ZK629A;
				GENERATE_INFOPLIST_FILE = YES;
				INFOPLIST_FILE = "PhazeRo-Marvel/Info.plist";
				INFOPLIST_KEY_CFBundleDisplayName = MarvelRo;
				INFOPLIST_KEY_UIApplicationSupportsIndirectInputEvents = YES;
				INFOPLIST_KEY_UILaunchStoryboardName = LaunchScreen;
				INFOPLIST_KEY_UIMainStoryboardFile = Main;
				INFOPLIST_KEY_UISupportedInterfaceOrientations = UIInterfaceOrientationPortrait;
				INFOPLIST_KEY_UISupportedInterfaceOrientations_iPad = "UIInterfaceOrientationPortrait UIInterfaceOrientationPortraitUpsideDown UIInterfaceOrientationLandscapeLeft UIInterfaceOrientationLandscapeRight";
				INFOPLIST_KEY_UISupportedInterfaceOrientations_iPhone = "UIInterfaceOrientationPortrait UIInterfaceOrientationLandscapeLeft UIInterfaceOrientationLandscapeRight";
				LD_RUNPATH_SEARCH_PATHS = (
					"$(inherited)",
					"@executable_path/Frameworks",
				);
				MARKETING_VERSION = 1.0;
				PRODUCT_BUNDLE_IDENTIFIER = "OmarAlRaisi.PhazeRo-Marvel";
				PRODUCT_NAME = "$(TARGET_NAME)";
				SWIFT_EMIT_LOC_STRINGS = YES;
				SWIFT_VERSION = 5.0;
				TARGETED_DEVICE_FAMILY = "1,2";
			};
			name = Release;
		};
/* End XCBuildConfiguration section */

/* Begin XCConfigurationList section */
		07DBE33A28B3D63900E7F760 /* Build configuration list for PBXProject "PhazeRo-Marvel" */ = {
			isa = XCConfigurationList;
			buildConfigurations = (
				07DBE35128B3D63D00E7F760 /* Debug */,
				07DBE35228B3D63D00E7F760 /* Release */,
			);
			defaultConfigurationIsVisible = 0;
			defaultConfigurationName = Release;
		};
		07DBE35328B3D63D00E7F760 /* Build configuration list for PBXNativeTarget "PhazeRo-Marvel" */ = {
			isa = XCConfigurationList;
			buildConfigurations = (
				07DBE35428B3D63D00E7F760 /* Debug */,
				07DBE35528B3D63D00E7F760 /* Release */,
			);
			defaultConfigurationIsVisible = 0;
			defaultConfigurationName = Release;
		};
/* End XCConfigurationList section */
	};
	rootObject = 07DBE33728B3D63900E7F760 /* Project object */;
}
